
Microsoft Visual Studio Solution File, Format Version 12.00
# Visual Studio Version 17
VisualStudioVersion = 17.2.32519.379
MinimumVisualStudioVersion = 10.0.40219.1
Project("{FAE04EC0-301F-11D3-BF4B-00C04F79EFBC}") = "MSRulesEngineSamples", "MSRulesEngineSamples\MSRulesEngineSamples.csproj", "{9BF8A44E-1375-4CEB-AD27-724542F61571}"
EndProject
Global
	GlobalSection(SolutionConfigurationPlatforms) = preSolution
		Debug|Any CPU = Debug|Any CPU
		Release|Any CPU = Release|Any CPU
	EndGlobalSection
	GlobalSection(ProjectConfigurationPlatforms) = postSolution
		{9BF8A44E-1375-4CEB-AD27-724542F61571}.Debug|Any CPU.ActiveCfg = Debug|Any CPU
		{9BF8A44E-1375-4CEB-AD27-724542F61571}.Debug|Any CPU.Build.0 = Debug|Any CPU
		{9BF8A44E-1375-4CEB-AD27-724542F61571}.Release|Any CPU.ActiveCfg = Release|Any CPU
		{9BF8A44E-1375-4CEB-AD27-724542F61571}.Release|Any CPU.Build.0 = Release|Any CPU
	EndGlobalSection
	GlobalSection(SolutionProperties) = preSolution
		HideSolutionNode = FALSE
	EndGlobalSection
	GlobalSection(ExtensibilityGlobals) = postSolution
		SolutionGuid = {67512471-EE93-462C-AFD0-472770B5E377}
	EndGlobalSection
EndGlobal
